
Microsoft Visual Studio Solution File, Format Version 12.00
# Visual Studio Version 17
VisualStudioVersion = 17.5.002.0
MinimumVisualStudioVersion = 10.0.40219.1
Project("{9A19103F-16F7-4668-BE54-9A1E7A4F7556}") = "test3", "test3.csproj", "{1DAD3AC5-E526-4779-8C96-B471390C37EA}"
EndProject
Global
	GlobalSection(SolutionConfigurationPlatforms) = preSolution
		Debug|Any CPU = Debug|Any CPU
		Release|Any CPU = Release|Any CPU
	EndGlobalSection
	GlobalSection(ProjectConfigurationPlatforms) = postSolution
		{1DAD3AC5-E526-4779-8C96-B471390C37EA}.Debug|Any CPU.ActiveCfg = Debug|Any CPU
		{1DAD3AC5-E526-4779-8C96-B471390C37EA}.Debug|Any CPU.Build.0 = Debug|Any CPU
		{1DAD3AC5-E526-4779-8C96-B471390C37EA}.Release|Any CPU.ActiveCfg = Release|Any CPU
		{1DAD3AC5-E526-4779-8C96-B471390C37EA}.Release|Any CPU.Build.0 = Release|Any CPU
	EndGlobalSection
	GlobalSection(SolutionProperties) = preSolution
		HideSolutionNode = FALSE
	EndGlobalSection
	GlobalSection(ExtensibilityGlobals) = postSolution
		SolutionGuid = {5963954C-D603-4DA5-89D5-6E347E3F4E12}
	EndGlobalSection
EndGlobal
